
Microsoft Visual Studio Solution File, Format Version 12.00
# Visual Studio Version 16
VisualStudioVersion = 16.0.29306.81
MinimumVisualStudioVersion = 10.0.40219.1
Project("{FAE04EC0-301F-11D3-BF4B-00C04F79EFBC}") = "GestionContactsEF", "GestionContactsEF.csproj", "{A3C21B20-FF4E-4EB0-B3BA-67EEE17F2114}"
EndProject
Global
	GlobalSection(SolutionConfigurationPlatforms) = preSolution
		Debug|Any CPU = Debug|Any CPU
		Release|Any CPU = Release|Any CPU
	EndGlobalSection
	GlobalSection(ProjectConfigurationPlatforms) = postSolution
		{A3C21B20-FF4E-4EB0-B3BA-67EEE17F2114}.Debug|Any CPU.ActiveCfg = Debug|Any CPU
		{A3C21B20-FF4E-4EB0-B3BA-67EEE17F2114}.Debug|Any CPU.Build.0 = Debug|Any CPU
		{A3C21B20-FF4E-4EB0-B3BA-67EEE17F2114}.Release|Any CPU.ActiveCfg = Release|Any CPU
		{A3C21B20-FF4E-4EB0-B3BA-67EEE17F2114}.Release|Any CPU.Build.0 = Release|Any CPU
	EndGlobalSection
	GlobalSection(SolutionProperties) = preSolution
		HideSolutionNode = FALSE
	EndGlobalSection
	GlobalSection(ExtensibilityGlobals) = postSolution
		SolutionGuid = {09DDACFF-7D4F-4D3D-A789-FF0905E3E256}
	EndGlobalSection
EndGlobal
